// !$*UTF8*$!
{
	archiveVersion = 1;
	classes = {
	};
	objectVersion = 52;
	objects = {

/* Begin PBXBuildFile section */
		EC0544C7244113F300D1368E /* Deck+CoreDataClass.swift in Sources */ = {isa = PBXBuildFile; fileRef = EC0544C5244113F300D1368E /* Deck+CoreDataClass.swift */; };
		EC0544C8244113F300D1368E /* Deck+CoreDataProperties.swift in Sources */ = {isa = PBXBuildFile; fileRef = EC0544C6244113F300D1368E /* Deck+CoreDataProperties.swift */; };
		EC0544CB2441169D00D1368E /* Conjugator.xcdatamodeld in Sources */ = {isa = PBXBuildFile; fileRef = EC2B9E6C24377BFD008D705C /* Conjugator.xcdatamodeld */; };
		EC0B1B1624399C7F0077D700 /* GameDetails.swift in Sources */ = {isa = PBXBuildFile; fileRef = EC0B1B1524399C7F0077D700 /* GameDetails.swift */; };
		EC0B5440244D57EB003DA2FF /* FlashCardSession.swift in Sources */ = {isa = PBXBuildFile; fileRef = EC0B543F244D57EB003DA2FF /* FlashCardSession.swift */; };
		EC2B9E6924377BFD008D705C /* AppDelegate.swift in Sources */ = {isa = PBXBuildFile; fileRef = EC2B9E6824377BFD008D705C /* AppDelegate.swift */; };
		EC2B9E7224377BFF008D705C /* Assets.xcassets in Resources */ = {isa = PBXBuildFile; fileRef = EC2B9E7124377BFF008D705C /* Assets.xcassets */; };
		EC2B9E7524377BFF008D705C /* Preview Assets.xcassets in Resources */ = {isa = PBXBuildFile; fileRef = EC2B9E7424377BFF008D705C /* Preview Assets.xcassets */; };
		EC2B9E7824377BFF008D705C /* LaunchScreen.storyboard in Resources */ = {isa = PBXBuildFile; fileRef = EC2B9E7624377BFF008D705C /* LaunchScreen.storyboard */; };
		EC2B9E8324377BFF008D705C /* ConjugatorTests.swift in Sources */ = {isa = PBXBuildFile; fileRef = EC2B9E8224377BFF008D705C /* ConjugatorTests.swift */; };
		EC2B9E8E24377BFF008D705C /* ConjugatorUITests.swift in Sources */ = {isa = PBXBuildFile; fileRef = EC2B9E8D24377BFF008D705C /* ConjugatorUITests.swift */; };
		EC2B9EA224377DA8008D705C /* Question.swift in Sources */ = {isa = PBXBuildFile; fileRef = EC2B9EA124377DA8008D705C /* Question.swift */; };
		EC2B9EA424377DC7008D705C /* Verb.swift in Sources */ = {isa = PBXBuildFile; fileRef = EC2B9EA324377DC7008D705C /* Verb.swift */; };
		EC2B9EA924377F2C008D705C /* ConjugationTenseForm.swift in Sources */ = {isa = PBXBuildFile; fileRef = EC2B9EA824377F2C008D705C /* ConjugationTenseForm.swift */; };
		EC2B9EAC24378156008D705C /* CSV in Frameworks */ = {isa = PBXBuildFile; productRef = EC2B9EAB24378156008D705C /* CSV */; };
		EC2B9EAE24378163008D705C /* CSVParse.swift in Sources */ = {isa = PBXBuildFile; fileRef = EC2B9EAD24378163008D705C /* CSVParse.swift */; };
		EC2B9EB02437818E008D705C /* verb_database.csv in Resources */ = {isa = PBXBuildFile; fileRef = EC2B9EAF2437818E008D705C /* verb_database.csv */; };
		EC2B9EC324378D21008D705C /* Dictionary.swift in Sources */ = {isa = PBXBuildFile; fileRef = EC2B9EBD24378D21008D705C /* Dictionary.swift */; };
		EC2B9EC424378D21008D705C /* Helper.swift in Sources */ = {isa = PBXBuildFile; fileRef = EC2B9EBE24378D21008D705C /* Helper.swift */; };
		ECA8F11424397D7700C1BD73 /* SceneDelegate.swift in Sources */ = {isa = PBXBuildFile; fileRef = EC2B9E6A24377BFD008D705C /* SceneDelegate.swift */; };
		ECA8F11524397D8000C1BD73 /* ContentView.swift in Sources */ = {isa = PBXBuildFile; fileRef = EC2B9E6F24377BFD008D705C /* ContentView.swift */; };
		ECB01E822437D50D0072324D /* NewDeckView.swift in Sources */ = {isa = PBXBuildFile; fileRef = ECB01E812437D50D0072324D /* NewDeckView.swift */; };
		ECB01E862437DD7A0072324D /* Game.swift in Sources */ = {isa = PBXBuildFile; fileRef = ECB01E852437DD7A0072324D /* Game.swift */; };
		ECB01E8A2437E5DD0072324D /* WriteSession.swift in Sources */ = {isa = PBXBuildFile; fileRef = ECB01E892437E5DD0072324D /* WriteSession.swift */; };
		ECB01E8E2437EF640072324D /* GameEnd.swift in Sources */ = {isa = PBXBuildFile; fileRef = ECB01E8D2437EF640072324D /* GameEnd.swift */; };
		ECB01E902437FE1F0072324D /* testDesign.swift in Sources */ = {isa = PBXBuildFile; fileRef = ECB01E8F2437FE1F0072324D /* testDesign.swift */; };
		ECB01E95243805CC0072324D /* Neumorphic in Frameworks */ = {isa = PBXBuildFile; productRef = ECB01E94243805CC0072324D /* Neumorphic */; };
		ECB01E97243818580072324D /* Background.swift in Sources */ = {isa = PBXBuildFile; fileRef = ECB01E96243818580072324D /* Background.swift */; };
/* End PBXBuildFile section */

/* Begin PBXContainerItemProxy section */
		EC2B9E7F24377BFF008D705C /* PBXContainerItemProxy */ = {
			isa = PBXContainerItemProxy;
			containerPortal = EC2B9E5D24377BFD008D705C /* Project object */;
			proxyType = 1;
			remoteGlobalIDString = EC2B9E6424377BFD008D705C;
			remoteInfo = Conjugator;
		};
		EC2B9E8A24377BFF008D705C /* PBXContainerItemProxy */ = {
			isa = PBXContainerItemProxy;
			containerPortal = EC2B9E5D24377BFD008D705C /* Project object */;
			proxyType = 1;
			remoteGlobalIDString = EC2B9E6424377BFD008D705C;
			remoteInfo = Conjugator;
		};
/* End PBXContainerItemProxy section */

/* Begin PBXFileReference section */
		EC0544C5244113F300D1368E /* Deck+CoreDataClass.swift */ = {isa = PBXFileReference; lastKnownFileType = sourcecode.swift; path = "Deck+CoreDataClass.swift"; sourceTree = SOURCE_ROOT; };
		EC0544C6244113F300D1368E /* Deck+CoreDataProperties.swift */ = {isa = PBXFileReference; lastKnownFileType = sourcecode.swift; path = "Deck+CoreDataProperties.swift"; sourceTree = SOURCE_ROOT; };
		EC0B1B1524399C7F0077D700 /* GameDetails.swift */ = {isa = PBXFileReference; lastKnownFileType = sourcecode.swift; path = GameDetails.swift; sourceTree = "<group>"; };
		EC0B543F244D57EB003DA2FF /* FlashCardSession.swift */ = {isa = PBXFileReference; lastKnownFileType = sourcecode.swift; path = FlashCardSession.swift; sourceTree = "<group>"; };
		EC2B9E6524377BFD008D705C /* Conjugator.app */ = {isa = PBXFileReference; explicitFileType = wrapper.application; includeInIndex = 0; path = Conjugator.app; sourceTree = BUILT_PRODUCTS_DIR; };
		EC2B9E6824377BFD008D705C /* AppDelegate.swift */ = {isa = PBXFileReference; lastKnownFileType = sourcecode.swift; path = AppDelegate.swift; sourceTree = "<group>"; };
		EC2B9E6A24377BFD008D705C /* SceneDelegate.swift */ = {isa = PBXFileReference; lastKnownFileType = sourcecode.swift; path = SceneDelegate.swift; sourceTree = "<group>"; };
		EC2B9E6D24377BFD008D705C /* Conjugator.xcdatamodel */ = {isa = PBXFileReference; lastKnownFileType = wrapper.xcdatamodel; path = Conjugator.xcdatamodel; sourceTree = "<group>"; };
		EC2B9E6F24377BFD008D705C /* ContentView.swift */ = {isa = PBXFileReference; lastKnownFileType = sourcecode.swift; path = ContentView.swift; sourceTree = "<group>"; };
		EC2B9E7124377BFF008D705C /* Assets.xcassets */ = {isa = PBXFileReference; lastKnownFileType = folder.assetcatalog; path = Assets.xcassets; sourceTree = "<group>"; };
		EC2B9E7424377BFF008D705C /* Preview Assets.xcassets */ = {isa = PBXFileReference; lastKnownFileType = folder.assetcatalog; path = "Preview Assets.xcassets"; sourceTree = "<group>"; };
		EC2B9E7724377BFF008D705C /* Base */ = {isa = PBXFileReference; lastKnownFileType = file.storyboard; name = Base; path = Base.lproj/LaunchScreen.storyboard; sourceTree = "<group>"; };
		EC2B9E7924377BFF008D705C /* Info.plist */ = {isa = PBXFileReference; lastKnownFileType = text.plist.xml; path = Info.plist; sourceTree = "<group>"; };
		EC2B9E7E24377BFF008D705C /* ConjugatorTests.xctest */ = {isa = PBXFileReference; explicitFileType = wrapper.cfbundle; includeInIndex = 0; path = ConjugatorTests.xctest; sourceTree = BUILT_PRODUCTS_DIR; };
		EC2B9E8224377BFF008D705C /* ConjugatorTests.swift */ = {isa = PBXFileReference; lastKnownFileType = sourcecode.swift; path = ConjugatorTests.swift; sourceTree = "<group>"; };
		EC2B9E8424377BFF008D705C /* Info.plist */ = {isa = PBXFileReference; lastKnownFileType = text.plist.xml; path = Info.plist; sourceTree = "<group>"; };
		EC2B9E8924377BFF008D705C /* ConjugatorUITests.xctest */ = {isa = PBXFileReference; explicitFileType = wrapper.cfbundle; includeInIndex = 0; path = ConjugatorUITests.xctest; sourceTree = BUILT_PRODUCTS_DIR; };
		EC2B9E8D24377BFF008D705C /* ConjugatorUITests.swift */ = {isa = PBXFileReference; lastKnownFileType = sourcecode.swift; path = ConjugatorUITests.swift; sourceTree = "<group>"; };
		EC2B9E8F24377BFF008D705C /* Info.plist */ = {isa = PBXFileReference; lastKnownFileType = text.plist.xml; path = Info.plist; sourceTree = "<group>"; };
		EC2B9EA124377DA8008D705C /* Question.swift */ = {isa = PBXFileReference; lastKnownFileType = sourcecode.swift; path = Question.swift; sourceTree = "<group>"; };
		EC2B9EA324377DC7008D705C /* Verb.swift */ = {isa = PBXFileReference; lastKnownFileType = sourcecode.swift; path = Verb.swift; sourceTree = "<group>"; };
		EC2B9EA824377F2C008D705C /* ConjugationTenseForm.swift */ = {isa = PBXFileReference; lastKnownFileType = sourcecode.swift; path = ConjugationTenseForm.swift; sourceTree = "<group>"; };
		EC2B9EAD24378163008D705C /* CSVParse.swift */ = {isa = PBXFileReference; lastKnownFileType = sourcecode.swift; path = CSVParse.swift; sourceTree = "<group>"; };
		EC2B9EAF2437818E008D705C /* verb_database.csv */ = {isa = PBXFileReference; fileEncoding = 4; lastKnownFileType = text; path = verb_database.csv; sourceTree = "<group>"; };
		EC2B9EBD24378D21008D705C /* Dictionary.swift */ = {isa = PBXFileReference; fileEncoding = 4; lastKnownFileType = sourcecode.swift; path = Dictionary.swift; sourceTree = "<group>"; };
		EC2B9EBE24378D21008D705C /* Helper.swift */ = {isa = PBXFileReference; fileEncoding = 4; lastKnownFileType = sourcecode.swift; path = Helper.swift; sourceTree = "<group>"; };
		ECB01E812437D50D0072324D /* NewDeckView.swift */ = {isa = PBXFileReference; lastKnownFileType = sourcecode.swift; path = NewDeckView.swift; sourceTree = "<group>"; };
		ECB01E852437DD7A0072324D /* Game.swift */ = {isa = PBXFileReference; fileEncoding = 4; lastKnownFileType = sourcecode.swift; path = Game.swift; sourceTree = "<group>"; };
		ECB01E892437E5DD0072324D /* WriteSession.swift */ = {isa = PBXFileReference; lastKnownFileType = sourcecode.swift; path = WriteSession.swift; sourceTree = "<group>"; };
		ECB01E8D2437EF640072324D /* GameEnd.swift */ = {isa = PBXFileReference; lastKnownFileType = sourcecode.swift; path = GameEnd.swift; sourceTree = "<group>"; };
		ECB01E8F2437FE1F0072324D /* testDesign.swift */ = {isa = PBXFileReference; lastKnownFileType = sourcecode.swift; path = testDesign.swift; sourceTree = "<group>"; };
		ECB01E96243818580072324D /* Background.swift */ = {isa = PBXFileReference; lastKnownFileType = sourcecode.swift; path = Background.swift; sourceTree = "<group>"; };
/* End PBXFileReference section */

/* Begin PBXFrameworksBuildPhase section */
		EC2B9E6224377BFD008D705C /* Frameworks */ = {
			isa = PBXFrameworksBuildPhase;
			buildActionMask = 2147483647;
			files = (
				ECB01E95243805CC0072324D /* Neumorphic in Frameworks */,
				EC2B9EAC24378156008D705C /* CSV in Frameworks */,
			);
			runOnlyForDeploymentPostprocessing = 0;
		};
		EC2B9E7B24377BFF008D705C /* Frameworks */ = {
			isa = PBXFrameworksBuildPhase;
			buildActionMask = 2147483647;
			files = (
			);
			runOnlyForDeploymentPostprocessing = 0;
		};
		EC2B9E8624377BFF008D705C /* Frameworks */ = {
			isa = PBXFrameworksBuildPhase;
			buildActionMask = 2147483647;
			files = (
			);
			runOnlyForDeploymentPostprocessing = 0;
		};
/* End PBXFrameworksBuildPhase section */

/* Begin PBXGroup section */
		EC2B9E5C24377BFD008D705C = {
			isa = PBXGroup;
			children = (
				EC2B9E6724377BFD008D705C /* Conjugator */,
				EC2B9E8124377BFF008D705C /* ConjugatorTests */,
				EC2B9E8C24377BFF008D705C /* ConjugatorUITests */,
				EC2B9E6624377BFD008D705C /* Products */,
			);
			sourceTree = "<group>";
		};
		EC2B9E6624377BFD008D705C /* Products */ = {
			isa = PBXGroup;
			children = (
				EC2B9E6524377BFD008D705C /* Conjugator.app */,
				EC2B9E7E24377BFF008D705C /* ConjugatorTests.xctest */,
				EC2B9E8924377BFF008D705C /* ConjugatorUITests.xctest */,
			);
			name = Products;
			sourceTree = "<group>";
		};
		EC2B9E6724377BFD008D705C /* Conjugator */ = {
			isa = PBXGroup;
			children = (
				EC2B9E9F24377D14008D705C /* Structure */,
				EC2B9EA024377D7A008D705C /* Data */,
				EC2B9EB2243783DB008D705C /* Views */,
				EC2B9E6824377BFD008D705C /* AppDelegate.swift */,
				EC2B9E6A24377BFD008D705C /* SceneDelegate.swift */,
				EC2B9E7124377BFF008D705C /* Assets.xcassets */,
				EC2B9E7624377BFF008D705C /* LaunchScreen.storyboard */,
				EC2B9E7924377BFF008D705C /* Info.plist */,
				EC2B9E7324377BFF008D705C /* Preview Content */,
			);
			path = Conjugator;
			sourceTree = "<group>";
		};
		EC2B9E7324377BFF008D705C /* Preview Content */ = {
			isa = PBXGroup;
			children = (
				EC2B9E7424377BFF008D705C /* Preview Assets.xcassets */,
			);
			path = "Preview Content";
			sourceTree = "<group>";
		};
		EC2B9E8124377BFF008D705C /* ConjugatorTests */ = {
			isa = PBXGroup;
			children = (
				EC2B9E8224377BFF008D705C /* ConjugatorTests.swift */,
				EC2B9E8424377BFF008D705C /* Info.plist */,
			);
			path = ConjugatorTests;
			sourceTree = "<group>";
		};
		EC2B9E8C24377BFF008D705C /* ConjugatorUITests */ = {
			isa = PBXGroup;
			children = (
				EC2B9E8D24377BFF008D705C /* ConjugatorUITests.swift */,
				EC2B9E8F24377BFF008D705C /* Info.plist */,
			);
			path = ConjugatorUITests;
			sourceTree = "<group>";
		};
		EC2B9E9F24377D14008D705C /* Structure */ = {
			isa = PBXGroup;
			children = (
				EC2B9EA824377F2C008D705C /* ConjugationTenseForm.swift */,
				EC2B9EA324377DC7008D705C /* Verb.swift */,
				EC2B9EA124377DA8008D705C /* Question.swift */,
				ECB01E852437DD7A0072324D /* Game.swift */,
				EC0544C5244113F300D1368E /* Deck+CoreDataClass.swift */,
				EC0544C6244113F300D1368E /* Deck+CoreDataProperties.swift */,
			);
			path = Structure;
			sourceTree = "<group>";
		};
		EC2B9EA024377D7A008D705C /* Data */ = {
			isa = PBXGroup;
			children = (
				EC2B9EAD24378163008D705C /* CSVParse.swift */,
				EC2B9EAF2437818E008D705C /* verb_database.csv */,
				EC2B9E6C24377BFD008D705C /* Conjugator.xcdatamodeld */,
			);
			path = Data;
			sourceTree = "<group>";
		};
		EC2B9EB2243783DB008D705C /* Views */ = {
			isa = PBXGroup;
			children = (
				ECB01E98243818640072324D /* Modifiers */,
				EC2B9E6F24377BFD008D705C /* ContentView.swift */,
				ECB01E812437D50D0072324D /* NewDeckView.swift */,
				EC0B1B1524399C7F0077D700 /* GameDetails.swift */,
				ECB01E892437E5DD0072324D /* WriteSession.swift */,
				EC0B543F244D57EB003DA2FF /* FlashCardSession.swift */,
				ECB01E8D2437EF640072324D /* GameEnd.swift */,
				EC2B9EBD24378D21008D705C /* Dictionary.swift */,
				EC2B9EBE24378D21008D705C /* Helper.swift */,
				ECB01E8F2437FE1F0072324D /* testDesign.swift */,
			);
			path = Views;
			sourceTree = "<group>";
		};
		ECB01E98243818640072324D /* Modifiers */ = {
			isa = PBXGroup;
			children = (
				ECB01E96243818580072324D /* Background.swift */,
			);
			path = Modifiers;
			sourceTree = "<group>";
		};
/* End PBXGroup section */

/* Begin PBXNativeTarget section */
		EC2B9E6424377BFD008D705C /* Conjugator */ = {
			isa = PBXNativeTarget;
			buildConfigurationList = EC2B9E9224377BFF008D705C /* Build configuration list for PBXNativeTarget "Conjugator" */;
			buildPhases = (
				EC2B9E6124377BFD008D705C /* Sources */,
				EC2B9E6224377BFD008D705C /* Frameworks */,
				EC2B9E6324377BFD008D705C /* Resources */,
			);
			buildRules = (
			);
			dependencies = (
			);
			name = Conjugator;
			packageProductDependencies = (
				EC2B9EAB24378156008D705C /* CSV */,
				ECB01E94243805CC0072324D /* Neumorphic */,
			);
			productName = Conjugator;
			productReference = EC2B9E6524377BFD008D705C /* Conjugator.app */;
			productType = "com.apple.product-type.application";
		};
		EC2B9E7D24377BFF008D705C /* ConjugatorTests */ = {
			isa = PBXNativeTarget;
			buildConfigurationList = EC2B9E9524377BFF008D705C /* Build configuration list for PBXNativeTarget "ConjugatorTests" */;
			buildPhases = (
				EC2B9E7A24377BFF008D705C /* Sources */,
				EC2B9E7B24377BFF008D705C /* Frameworks */,
				EC2B9E7C24377BFF008D705C /* Resources */,
			);
			buildRules = (
			);
			dependencies = (
				EC2B9E8024377BFF008D705C /* PBXTargetDependency */,
			);
			name = ConjugatorTests;
			productName = ConjugatorTests;
			productReference = EC2B9E7E24377BFF008D705C /* ConjugatorTests.xctest */;
			productType = "com.apple.product-type.bundle.unit-test";
		};
		EC2B9E8824377BFF008D705C /* ConjugatorUITests */ = {
			isa = PBXNativeTarget;
			buildConfigurationList = EC2B9E9824377BFF008D705C /* Build configuration list for PBXNativeTarget "ConjugatorUITests" */;
			buildPhases = (
				EC2B9E8524377BFF008D705C /* Sources */,
				EC2B9E8624377BFF008D705C /* Frameworks */,
				EC2B9E8724377BFF008D705C /* Resources */,
			);
			buildRules = (
			);
			dependencies = (
				EC2B9E8B24377BFF008D705C /* PBXTargetDependency */,
			);
			name = ConjugatorUITests;
			productName = ConjugatorUITests;
			productReference = EC2B9E8924377BFF008D705C /* ConjugatorUITests.xctest */;
			productType = "com.apple.product-type.bundle.ui-testing";
		};
/* End PBXNativeTarget section */

/* Begin PBXProject section */
		EC2B9E5D24377BFD008D705C /* Project object */ = {
			isa = PBXProject;
			attributes = {
				LastSwiftUpdateCheck = 1140;
				LastUpgradeCheck = 1140;
				ORGANIZATIONNAME = "Ezzat Suhaime";
				TargetAttributes = {
					EC2B9E6424377BFD008D705C = {
						CreatedOnToolsVersion = 11.4;
					};
					EC2B9E7D24377BFF008D705C = {
						CreatedOnToolsVersion = 11.4;
						TestTargetID = EC2B9E6424377BFD008D705C;
					};
					EC2B9E8824377BFF008D705C = {
						CreatedOnToolsVersion = 11.4;
						TestTargetID = EC2B9E6424377BFD008D705C;
					};
				};
			};
			buildConfigurationList = EC2B9E6024377BFD008D705C /* Build configuration list for PBXProject "Conjugator" */;
			compatibilityVersion = "Xcode 9.3";
			developmentRegion = en;
			hasScannedForEncodings = 0;
			knownRegions = (
				en,
				Base,
			);
			mainGroup = EC2B9E5C24377BFD008D705C;
			packageReferences = (
				EC2B9EAA24378156008D705C /* XCRemoteSwiftPackageReference "CSV.swift" */,
				ECB01E93243805CC0072324D /* XCRemoteSwiftPackageReference "neumorphic" */,
			);
			productRefGroup = EC2B9E6624377BFD008D705C /* Products */;
			projectDirPath = "";
			projectRoot = "";
			targets = (
				EC2B9E6424377BFD008D705C /* Conjugator */,
				EC2B9E7D24377BFF008D705C /* ConjugatorTests */,
				EC2B9E8824377BFF008D705C /* ConjugatorUITests */,
			);
		};
/* End PBXProject section */

/* Begin PBXResourcesBuildPhase section */
		EC2B9E6324377BFD008D705C /* Resources */ = {
			isa = PBXResourcesBuildPhase;
			buildActionMask = 2147483647;
			files = (
				EC2B9E7824377BFF008D705C /* LaunchScreen.storyboard in Resources */,
				EC2B9E7524377BFF008D705C /* Preview Assets.xcassets in Resources */,
				EC2B9EB02437818E008D705C /* verb_database.csv in Resources */,
				EC2B9E7224377BFF008D705C /* Assets.xcassets in Resources */,
			);
			runOnlyForDeploymentPostprocessing = 0;
		};
		EC2B9E7C24377BFF008D705C /* Resources */ = {
			isa = PBXResourcesBuildPhase;
			buildActionMask = 2147483647;
			files = (
			);
			runOnlyForDeploymentPostprocessing = 0;
		};
		EC2B9E8724377BFF008D705C /* Resources */ = {
			isa = PBXResourcesBuildPhase;
			buildActionMask = 2147483647;
			files = (
			);
			runOnlyForDeploymentPostprocessing = 0;
		};
/* End PBXResourcesBuildPhase section */

/* Begin PBXSourcesBuildPhase section */
		EC2B9E6124377BFD008D705C /* Sources */ = {
			isa = PBXSourcesBuildPhase;
			buildActionMask = 2147483647;
			files = (
				EC0544CB2441169D00D1368E /* Conjugator.xcdatamodeld in Sources */,
				EC0544C8244113F300D1368E /* Deck+CoreDataProperties.swift in Sources */,
				ECA8F11524397D8000C1BD73 /* ContentView.swift in Sources */,
				ECA8F11424397D7700C1BD73 /* SceneDelegate.swift in Sources */,
				EC2B9E6924377BFD008D705C /* AppDelegate.swift in Sources */,
				ECB01E822437D50D0072324D /* NewDeckView.swift in Sources */,
				EC0544C7244113F300D1368E /* Deck+CoreDataClass.swift in Sources */,
				EC2B9EC324378D21008D705C /* Dictionary.swift in Sources */,
				EC2B9EA424377DC7008D705C /* Verb.swift in Sources */,
				EC2B9EA224377DA8008D705C /* Question.swift in Sources */,
				EC0B1B1624399C7F0077D700 /* GameDetails.swift in Sources */,
				ECB01E8A2437E5DD0072324D /* WriteSession.swift in Sources */,
				EC2B9EA924377F2C008D705C /* ConjugationTenseForm.swift in Sources */,
				ECB01E902437FE1F0072324D /* testDesign.swift in Sources */,
				ECB01E8E2437EF640072324D /* GameEnd.swift in Sources */,
				EC2B9EC424378D21008D705C /* Helper.swift in Sources */,
				EC2B9EAE24378163008D705C /* CSVParse.swift in Sources */,
				ECB01E862437DD7A0072324D /* Game.swift in Sources */,
				EC0B5440244D57EB003DA2FF /* FlashCardSession.swift in Sources */,
				ECB01E97243818580072324D /* Background.swift in Sources */,
			);
			runOnlyForDeploymentPostprocessing = 0;
		};
		EC2B9E7A24377BFF008D705C /* Sources */ = {
			isa = PBXSourcesBuildPhase;
			buildActionMask = 2147483647;
			files = (
				EC2B9E8324377BFF008D705C /* ConjugatorTests.swift in Sources */,
			);
			runOnlyForDeploymentPostprocessing = 0;
		};
		EC2B9E8524377BFF008D705C /* Sources */ = {
			isa = PBXSourcesBuildPhase;
			buildActionMask = 2147483647;
			files = (
				EC2B9E8E24377BFF008D705C /* ConjugatorUITests.swift in Sources */,
			);
			runOnlyForDeploymentPostprocessing = 0;
		};
/* End PBXSourcesBuildPhase section */

/* Begin PBXTargetDependency section */
		EC2B9E8024377BFF008D705C /* PBXTargetDependency */ = {
			isa = PBXTargetDependency;
			target = EC2B9E6424377BFD008D705C /* Conjugator */;
			targetProxy = EC2B9E7F24377BFF008D705C /* PBXContainerItemProxy */;
		};
		EC2B9E8B24377BFF008D705C /* PBXTargetDependency */ = {
			isa = PBXTargetDependency;
			target = EC2B9E6424377BFD008D705C /* Conjugator */;
			targetProxy = EC2B9E8A24377BFF008D705C /* PBXContainerItemProxy */;
		};
/* End PBXTargetDependency section */

/* Begin PBXVariantGroup section */
		EC2B9E7624377BFF008D705C /* LaunchScreen.storyboard */ = {
			isa = PBXVariantGroup;
			children = (
				EC2B9E7724377BFF008D705C /* Base */,
			);
			name = LaunchScreen.storyboard;
			sourceTree = "<group>";
		};
/* End PBXVariantGroup section */

/* Begin XCBuildConfiguration section */
		EC2B9E9024377BFF008D705C /* Debug */ = {
			isa = XCBuildConfiguration;
			buildSettings = {
				ALWAYS_SEARCH_USER_PATHS = NO;
				CLANG_ANALYZER_NONNULL = YES;
				CLANG_ANALYZER_NUMBER_OBJECT_CONVERSION = YES_AGGRESSIVE;
				CLANG_CXX_LANGUAGE_STANDARD = "gnu++14";
				CLANG_CXX_LIBRARY = "libc++";
				CLANG_ENABLE_MODULES = YES;
				CLANG_ENABLE_OBJC_ARC = YES;
				CLANG_ENABLE_OBJC_WEAK = YES;
				CLANG_WARN_BLOCK_CAPTURE_AUTORELEASING = YES;
				CLANG_WARN_BOOL_CONVERSION = YES;
				CLANG_WARN_COMMA = YES;
				CLANG_WARN_CONSTANT_CONVERSION = YES;
				CLANG_WARN_DEPRECATED_OBJC_IMPLEMENTATIONS = YES;
				CLANG_WARN_DIRECT_OBJC_ISA_USAGE = YES_ERROR;
				CLANG_WARN_DOCUMENTATION_COMMENTS = YES;
				CLANG_WARN_EMPTY_BODY = YES;
				CLANG_WARN_ENUM_CONVERSION = YES;
				CLANG_WARN_INFINITE_RECURSION = YES;
				CLANG_WARN_INT_CONVERSION = YES;
				CLANG_WARN_NON_LITERAL_NULL_CONVERSION = YES;
				CLANG_WARN_OBJC_IMPLICIT_RETAIN_SELF = YES;
				CLANG_WARN_OBJC_LITERAL_CONVERSION = YES;
				CLANG_WARN_OBJC_ROOT_CLASS = YES_ERROR;
				CLANG_WARN_RANGE_LOOP_ANALYSIS = YES;
				CLANG_WARN_STRICT_PROTOTYPES = YES;
				CLANG_WARN_SUSPICIOUS_MOVE = YES;
				CLANG_WARN_UNGUARDED_AVAILABILITY = YES_AGGRESSIVE;
				CLANG_WARN_UNREACHABLE_CODE = YES;
				CLANG_WARN__DUPLICATE_METHOD_MATCH = YES;
				COPY_PHASE_STRIP = NO;
				DEBUG_INFORMATION_FORMAT = dwarf;
				ENABLE_STRICT_OBJC_MSGSEND = YES;
				ENABLE_TESTABILITY = YES;
				GCC_C_LANGUAGE_STANDARD = gnu11;
				GCC_DYNAMIC_NO_PIC = NO;
				GCC_NO_COMMON_BLOCKS = YES;
				GCC_OPTIMIZATION_LEVEL = 0;
				GCC_PREPROCESSOR_DEFINITIONS = (
					"DEBUG=1",
					"$(inherited)",
				);
				GCC_WARN_64_TO_32_BIT_CONVERSION = YES;
				GCC_WARN_ABOUT_RETURN_TYPE = YES_ERROR;
				GCC_WARN_UNDECLARED_SELECTOR = YES;
				GCC_WARN_UNINITIALIZED_AUTOS = YES_AGGRESSIVE;
				GCC_WARN_UNUSED_FUNCTION = YES;
				GCC_WARN_UNUSED_VARIABLE = YES;
				IPHONEOS_DEPLOYMENT_TARGET = 13.4;
				MTL_ENABLE_DEBUG_INFO = INCLUDE_SOURCE;
				MTL_FAST_MATH = YES;
				ONLY_ACTIVE_ARCH = YES;
				SDKROOT = iphoneos;
				SWIFT_ACTIVE_COMPILATION_CONDITIONS = DEBUG;
				SWIFT_OPTIMIZATION_LEVEL = "-Onone";
			};
			name = Debug;
		};
		EC2B9E9124377BFF008D705C /* Release */ = {
			isa = XCBuildConfiguration;
			buildSettings = {
				ALWAYS_SEARCH_USER_PATHS = NO;
				CLANG_ANALYZER_NONNULL = YES;
				CLANG_ANALYZER_NUMBER_OBJECT_CONVERSION = YES_AGGRESSIVE;
				CLANG_CXX_LANGUAGE_STANDARD = "gnu++14";
				CLANG_CXX_LIBRARY = "libc++";
				CLANG_ENABLE_MODULES = YES;
				CLANG_ENABLE_OBJC_ARC = YES;
				CLANG_ENABLE_OBJC_WEAK = YES;
				CLANG_WARN_BLOCK_CAPTURE_AUTORELEASING = YES;
				CLANG_WARN_BOOL_CONVERSION = YES;
				CLANG_WARN_COMMA = YES;
				CLANG_WARN_CONSTANT_CONVERSION = YES;
				CLANG_WARN_DEPRECATED_OBJC_IMPLEMENTATIONS = YES;
				CLANG_WARN_DIRECT_OBJC_ISA_USAGE = YES_ERROR;
				CLANG_WARN_DOCUMENTATION_COMMENTS = YES;
				CLANG_WARN_EMPTY_BODY = YES;
				CLANG_WARN_ENUM_CONVERSION = YES;
				CLANG_WARN_INFINITE_RECURSION = YES;
				CLANG_WARN_INT_CONVERSION = YES;
				CLANG_WARN_NON_LITERAL_NULL_CONVERSION = YES;
				CLANG_WARN_OBJC_IMPLICIT_RETAIN_SELF = YES;
				CLANG_WARN_OBJC_LITERAL_CONVERSION = YES;
				CLANG_WARN_OBJC_ROOT_CLASS = YES_ERROR;
				CLANG_WARN_RANGE_LOOP_ANALYSIS = YES;
				CLANG_WARN_STRICT_PROTOTYPES = YES;
				CLANG_WARN_SUSPICIOUS_MOVE = YES;
				CLANG_WARN_UNGUARDED_AVAILABILITY = YES_AGGRESSIVE;
				CLANG_WARN_UNREACHABLE_CODE = YES;
				CLANG_WARN__DUPLICATE_METHOD_MATCH = YES;
				COPY_PHASE_STRIP = NO;
				DEBUG_INFORMATION_FORMAT = "dwarf-with-dsym";
				ENABLE_NS_ASSERTIONS = NO;
				ENABLE_STRICT_OBJC_MSGSEND = YES;
				GCC_C_LANGUAGE_STANDARD = gnu11;
				GCC_NO_COMMON_BLOCKS = YES;
				GCC_WARN_64_TO_32_BIT_CONVERSION = YES;
				GCC_WARN_ABOUT_RETURN_TYPE = YES_ERROR;
				GCC_WARN_UNDECLARED_SELECTOR = YES;
				GCC_WARN_UNINITIALIZED_AUTOS = YES_AGGRESSIVE;
				GCC_WARN_UNUSED_FUNCTION = YES;
				GCC_WARN_UNUSED_VARIABLE = YES;
				IPHONEOS_DEPLOYMENT_TARGET = 13.4;
				MTL_ENABLE_DEBUG_INFO = NO;
				MTL_FAST_MATH = YES;
				SDKROOT = iphoneos;
				SWIFT_COMPILATION_MODE = wholemodule;
				SWIFT_OPTIMIZATION_LEVEL = "-O";
				VALIDATE_PRODUCT = YES;
			};
			name = Release;
		};
		EC2B9E9324377BFF008D705C /* Debug */ = {
			isa = XCBuildConfiguration;
			buildSettings = {
				ASSETCATALOG_COMPILER_APPICON_NAME = AppIcon;
				CODE_SIGN_STYLE = Automatic;
				DEVELOPMENT_ASSET_PATHS = "\"Conjugator/Preview Content\"";
				DEVELOPMENT_TEAM = 29K9486DNN;
				ENABLE_PREVIEWS = YES;
				INFOPLIST_FILE = Conjugator/Info.plist;
				LD_RUNPATH_SEARCH_PATHS = (
					"$(inherited)",
					"@executable_path/Frameworks",
				);
				PRODUCT_BUNDLE_IDENTIFIER = com.EzzatSuhaime.Conjugator;
				PRODUCT_NAME = "$(TARGET_NAME)";
				SWIFT_VERSION = 5.0;
				TARGETED_DEVICE_FAMILY = "1,2";
			};
			name = Debug;
		};
		EC2B9E9424377BFF008D705C /* Release */ = {
			isa = XCBuildConfiguration;
			buildSettings = {
				ASSETCATALOG_COMPILER_APPICON_NAME = AppIcon;
				CODE_SIGN_STYLE = Automatic;
				DEVELOPMENT_ASSET_PATHS = "\"Conjugator/Preview Content\"";
				DEVELOPMENT_TEAM = 29K9486DNN;
				ENABLE_PREVIEWS = YES;
				INFOPLIST_FILE = Conjugator/Info.plist;
				LD_RUNPATH_SEARCH_PATHS = (
					"$(inherited)",
					"@executable_path/Frameworks",
				);
				PRODUCT_BUNDLE_IDENTIFIER = com.EzzatSuhaime.Conjugator;
				PRODUCT_NAME = "$(TARGET_NAME)";
				SWIFT_VERSION = 5.0;
				TARGETED_DEVICE_FAMILY = "1,2";
			};
			name = Release;
		};
		EC2B9E9624377BFF008D705C /* Debug */ = {
			isa = XCBuildConfiguration;
			buildSettings = {
				ALWAYS_EMBED_SWIFT_STANDARD_LIBRARIES = YES;
				BUNDLE_LOADER = "$(TEST_HOST)";
				CODE_SIGN_STYLE = Automatic;
				DEVELOPMENT_TEAM = 29K9486DNN;
				INFOPLIST_FILE = ConjugatorTests/Info.plist;
				IPHONEOS_DEPLOYMENT_TARGET = 13.4;
				LD_RUNPATH_SEARCH_PATHS = (
					"$(inherited)",
					"@executable_path/Frameworks",
					"@loader_path/Frameworks",
				);
				PRODUCT_BUNDLE_IDENTIFIER = com.EzzatSuhaime.ConjugatorTests;
				PRODUCT_NAME = "$(TARGET_NAME)";
				SWIFT_VERSION = 5.0;
				TARGETED_DEVICE_FAMILY = "1,2";
				TEST_HOST = "$(BUILT_PRODUCTS_DIR)/Conjugator.app/Conjugator";
			};
			name = Debug;
		};
		EC2B9E9724377BFF008D705C /* Release */ = {
			isa = XCBuildConfiguration;
			buildSettings = {
				ALWAYS_EMBED_SWIFT_STANDARD_LIBRARIES = YES;
				BUNDLE_LOADER = "$(TEST_HOST)";
				CODE_SIGN_STYLE = Automatic;
				DEVELOPMENT_TEAM = 29K9486DNN;
				INFOPLIST_FILE = ConjugatorTests/Info.plist;
				IPHONEOS_DEPLOYMENT_TARGET = 13.4;
				LD_RUNPATH_SEARCH_PATHS = (
					"$(inherited)",
					"@executable_path/Frameworks",
					"@loader_path/Frameworks",
				);
				PRODUCT_BUNDLE_IDENTIFIER = com.EzzatSuhaime.ConjugatorTests;
				PRODUCT_NAME = "$(TARGET_NAME)";
				SWIFT_VERSION = 5.0;
				TARGETED_DEVICE_FAMILY = "1,2";
				TEST_HOST = "$(BUILT_PRODUCTS_DIR)/Conjugator.app/Conjugator";
			};
			name = Release;
		};
		EC2B9E9924377BFF008D705C /* Debug */ = {
			isa = XCBuildConfiguration;
			buildSettings = {
				ALWAYS_EMBED_SWIFT_STANDARD_LIBRARIES = YES;
				CODE_SIGN_STYLE = Automatic;
				DEVELOPMENT_TEAM = 29K9486DNN;
				INFOPLIST_FILE = ConjugatorUITests/Info.plist;
				LD_RUNPATH_SEARCH_PATHS = (
					"$(inherited)",
					"@executable_path/Frameworks",
					"@loader_path/Frameworks",
				);
				PRODUCT_BUNDLE_IDENTIFIER = com.EzzatSuhaime.ConjugatorUITests;
				PRODUCT_NAME = "$(TARGET_NAME)";
				SWIFT_VERSION = 5.0;
				TARGETED_DEVICE_FAMILY = "1,2";
				TEST_TARGET_NAME = Conjugator;
			};
			name = Debug;
		};
		EC2B9E9A24377BFF008D705C /* Release */ = {
			isa = XCBuildConfiguration;
			buildSettings = {
				ALWAYS_EMBED_SWIFT_STANDARD_LIBRARIES = YES;
				CODE_SIGN_STYLE = Automatic;
				DEVELOPMENT_TEAM = 29K9486DNN;
				INFOPLIST_FILE = ConjugatorUITests/Info.plist;
				LD_RUNPATH_SEARCH_PATHS = (
					"$(inherited)",
					"@executable_path/Frameworks",
					"@loader_path/Frameworks",
				);
				PRODUCT_BUNDLE_IDENTIFIER = com.EzzatSuhaime.ConjugatorUITests;
				PRODUCT_NAME = "$(TARGET_NAME)";
				SWIFT_VERSION = 5.0;
				TARGETED_DEVICE_FAMILY = "1,2";
				TEST_TARGET_NAME = Conjugator;
			};
			name = Release;
		};
/* End XCBuildConfiguration section */

/* Begin XCConfigurationList section */
		EC2B9E6024377BFD008D705C /* Build configuration list for PBXProject "Conjugator" */ = {
			isa = XCConfigurationList;
			buildConfigurations = (
				EC2B9E9024377BFF008D705C /* Debug */,
				EC2B9E9124377BFF008D705C /* Release */,
			);
			defaultConfigurationIsVisible = 0;
			defaultConfigurationName = Release;
		};
		EC2B9E9224377BFF008D705C /* Build configuration list for PBXNativeTarget "Conjugator" */ = {
			isa = XCConfigurationList;
			buildConfigurations = (
				EC2B9E9324377BFF008D705C /* Debug */,
				EC2B9E9424377BFF008D705C /* Release */,
			);
			defaultConfigurationIsVisible = 0;
			defaultConfigurationName = Release;
		};
		EC2B9E9524377BFF008D705C /* Build configuration list for PBXNativeTarget "ConjugatorTests" */ = {
			isa = XCConfigurationList;
			buildConfigurations = (
				EC2B9E9624377BFF008D705C /* Debug */,
				EC2B9E9724377BFF008D705C /* Release */,
			);
			defaultConfigurationIsVisible = 0;
			defaultConfigurationName = Release;
		};
		EC2B9E9824377BFF008D705C /* Build configuration list for PBXNativeTarget "ConjugatorUITests" */ = {
			isa = XCConfigurationList;
			buildConfigurations = (
				EC2B9E9924377BFF008D705C /* Debug */,
				EC2B9E9A24377BFF008D705C /* Release */,
			);
			defaultConfigurationIsVisible = 0;
			defaultConfigurationName = Release;
		};
/* End XCConfigurationList section */

/* Begin XCRemoteSwiftPackageReference section */
		EC2B9EAA24378156008D705C /* XCRemoteSwiftPackageReference "CSV.swift" */ = {
			isa = XCRemoteSwiftPackageReference;
			repositoryURL = "https://github.com/yaslab/CSV.swift.git";
			requirement = {
				kind = upToNextMajorVersion;
				minimumVersion = 2.4.3;
			};
		};
		ECB01E93243805CC0072324D /* XCRemoteSwiftPackageReference "neumorphic" */ = {
			isa = XCRemoteSwiftPackageReference;
			repositoryURL = "https://github.com/costachung/neumorphic";
			requirement = {
				kind = upToNextMajorVersion;
				minimumVersion = 1.0.0;
			};
		};
/* End XCRemoteSwiftPackageReference section */

/* Begin XCSwiftPackageProductDependency section */
		EC2B9EAB24378156008D705C /* CSV */ = {
			isa = XCSwiftPackageProductDependency;
			package = EC2B9EAA24378156008D705C /* XCRemoteSwiftPackageReference "CSV.swift" */;
			productName = CSV;
		};
		ECB01E94243805CC0072324D /* Neumorphic */ = {
			isa = XCSwiftPackageProductDependency;
			package = ECB01E93243805CC0072324D /* XCRemoteSwiftPackageReference "neumorphic" */;
			productName = Neumorphic;
		};
/* End XCSwiftPackageProductDependency section */

/* Begin XCVersionGroup section */
		EC2B9E6C24377BFD008D705C /* Conjugator.xcdatamodeld */ = {
			isa = XCVersionGroup;
			children = (
				EC2B9E6D24377BFD008D705C /* Conjugator.xcdatamodel */,
			);
			currentVersion = EC2B9E6D24377BFD008D705C /* Conjugator.xcdatamodel */;
			path = Conjugator.xcdatamodeld;
			sourceTree = "<group>";
			versionGroupType = wrapper.xcdatamodel;
		};
/* End XCVersionGroup section */
	};
	rootObject = EC2B9E5D24377BFD008D705C /* Project object */;
}
